{
  "name": "urbanairship-cordova",
  "lockfileVersion": 2,
  "requires": true,
  "packages": {
    "": {
      "workspaces": {
        "packages": [
          "urbanairship-cordova",
          "urbanairship-hms-cordova"
        ]
      }
    },
    "urbanairship-cordova": {
      "version": "15.0.0",
      "engines": [
        {
          "name": "cordova-android",
          "version": ">=10.0.0"
        },
        {
          "name": "cordova-ios",
          "version": ">=6.2.0"
        },
        {
          "name": "cordova-plugman",
          "version": ">=4.2.0"
        }
      ],
      "extraneous": true,
      "license": "Apache 2.0",
      "devDependencies": {
        "typedoc": "0.23.24"
      }
    },
    "urbanairship-hms-cordova": {
      "version": "15.0.0",
      "engines": [
        {
          "name": "cordova-android",
          "version": ">=10.0.0"
        },
        {
          "name": "cordova-plugman",
          "version": ">=4.2.0"
        }
      ],
      "extraneous": true,
      "license": "Apache 2.0"
    }
  }
}
