{
  "name": "@ua/cordova-airship-hms",
  "version": "17.3.0",
  "lockfileVersion": 3,
  "requires": true,
  "packages": {
    "": {
      "name": "@ua/cordova-airship-hms",
      "version": "17.3.0",
      "engines": [
        {
          "name": "cordova-android",
          "version": ">=11.0.0"
        },
        {
          "name": "cordova-plugman",
          "version": ">=4.2.0"
        }
      ],
      "license": "Apache 2.0"
    }
  }
}
